
Microsoft Visual Studio Solution File, Format Version 12.00
# Visual Studio Version 16
VisualStudioVersion = 16.0.30406.217
MinimumVisualStudioVersion = 10.0.40219.1
Project("{FAE04EC0-301F-11D3-BF4B-00C04F79EFBC}") = "DragonCoderStudios.RTSTheBoardGame.Core", "DragonCoderStudios.RTSTheBoardGame.Core\DragonCoderStudios.RTSTheBoardGame.Core.csproj", "{E216622B-C709-4B99-B49A-F441363784AD}"
EndProject
Project("{FAE04EC0-301F-11D3-BF4B-00C04F79EFBC}") = "DragonCoderStudios.RTSTheBoardGame.Core.Tests", "DragonCoderStudios.RTSTheBoardGame.Core.Tests\DragonCoderStudios.RTSTheBoardGame.Core.Tests.csproj", "{47D0CBA6-6B84-4E82-B177-86D21AA8EF02}"
EndProject
Global
	GlobalSection(SolutionConfigurationPlatforms) = preSolution
		Debug|Any CPU = Debug|Any CPU
		Release|Any CPU = Release|Any CPU
	EndGlobalSection
	GlobalSection(ProjectConfigurationPlatforms) = postSolution
		{E216622B-C709-4B99-B49A-F441363784AD}.Debug|Any CPU.ActiveCfg = Debug|Any CPU
		{E216622B-C709-4B99-B49A-F441363784AD}.Debug|Any CPU.Build.0 = Debug|Any CPU
		{E216622B-C709-4B99-B49A-F441363784AD}.Release|Any CPU.ActiveCfg = Release|Any CPU
		{E216622B-C709-4B99-B49A-F441363784AD}.Release|Any CPU.Build.0 = Release|Any CPU
		{47D0CBA6-6B84-4E82-B177-86D21AA8EF02}.Debug|Any CPU.ActiveCfg = Debug|Any CPU
		{47D0CBA6-6B84-4E82-B177-86D21AA8EF02}.Debug|Any CPU.Build.0 = Debug|Any CPU
		{47D0CBA6-6B84-4E82-B177-86D21AA8EF02}.Release|Any CPU.ActiveCfg = Release|Any CPU
		{47D0CBA6-6B84-4E82-B177-86D21AA8EF02}.Release|Any CPU.Build.0 = Release|Any CPU
	EndGlobalSection
	GlobalSection(SolutionProperties) = preSolution
		HideSolutionNode = FALSE
	EndGlobalSection
	GlobalSection(ExtensibilityGlobals) = postSolution
		SolutionGuid = {42C62A9E-FF83-4DA3-846F-2AE9E8AD4BDB}
	EndGlobalSection
EndGlobal
